// !$*UTF8*$!
{
	archiveVersion = 1;
	classes = {
	};
	objectVersion = 46;
	objects = {

/* Begin PBXBuildFile section */
		8660C5C71D4B83000079B6FD /* AppDelegate.swift in Sources */ = {isa = PBXBuildFile; fileRef = 8660C5C61D4B83000079B6FD /* AppDelegate.swift */; };
		8660C5C91D4B83000079B6FD /* ViewController.swift in Sources */ = {isa = PBXBuildFile; fileRef = 8660C5C81D4B83000079B6FD /* ViewController.swift */; };
		8660C5CC1D4B83000079B6FD /* Main.storyboard in Resources */ = {isa = PBXBuildFile; fileRef = 8660C5CA1D4B83000079B6FD /* Main.storyboard */; };
		8660C5CE1D4B83000079B6FD /* Assets.xcassets in Resources */ = {isa = PBXBuildFile; fileRef = 8660C5CD1D4B83000079B6FD /* Assets.xcassets */; };
		8660C5D11D4B83000079B6FD /* LaunchScreen.storyboard in Resources */ = {isa = PBXBuildFile; fileRef = 8660C5CF1D4B83000079B6FD /* LaunchScreen.storyboard */; };
		8660C5DB1D4B90EC0079B6FD /* CloudKit.framework in Frameworks */ = {isa = PBXBuildFile; fileRef = 8660C5DA1D4B90EC0079B6FD /* CloudKit.framework */; };
		9E5155E11D4BB814003006F0 /* cloudLocation.js in Resources */ = {isa = PBXBuildFile; fileRef = 9E5155DF1D4BB814003006F0 /* cloudLocation.js */; };
		9E5155E21D4BB814003006F0 /* Locatr.html in Resources */ = {isa = PBXBuildFile; fileRef = 9E5155E01D4BB814003006F0 /* Locatr.html */; };
/* End PBXBuildFile section */

/* Begin PBXFileReference section */
		8660C5C31D4B83000079B6FD /* Locatr.app */ = {isa = PBXFileReference; explicitFileType = wrapper.application; includeInIndex = 0; path = Locatr.app; sourceTree = BUILT_PRODUCTS_DIR; };
		8660C5C61D4B83000079B6FD /* AppDelegate.swift */ = {isa = PBXFileReference; lastKnownFileType = sourcecode.swift; path = AppDelegate.swift; sourceTree = "<group>"; };
		8660C5C81D4B83000079B6FD /* ViewController.swift */ = {isa = PBXFileReference; lastKnownFileType = sourcecode.swift; path = ViewController.swift; sourceTree = "<group>"; };
		8660C5CB1D4B83000079B6FD /* Base */ = {isa = PBXFileReference; lastKnownFileType = file.storyboard; name = Base; path = Base.lproj/Main.storyboard; sourceTree = "<group>"; };
		8660C5CD1D4B83000079B6FD /* Assets.xcassets */ = {isa = PBXFileReference; lastKnownFileType = folder.assetcatalog; path = Assets.xcassets; sourceTree = "<group>"; };
		8660C5D01D4B83000079B6FD /* Base */ = {isa = PBXFileReference; lastKnownFileType = file.storyboard; name = Base; path = Base.lproj/LaunchScreen.storyboard; sourceTree = "<group>"; };
		8660C5D21D4B83000079B6FD /* Info.plist */ = {isa = PBXFileReference; lastKnownFileType = text.plist.xml; path = Info.plist; sourceTree = "<group>"; };
		8660C5D81D4B90E70079B6FD /* Locatr.entitlements */ = {isa = PBXFileReference; lastKnownFileType = text.plist.entitlements; path = Locatr.entitlements; sourceTree = "<group>"; };
		8660C5DA1D4B90EC0079B6FD /* CloudKit.framework */ = {isa = PBXFileReference; lastKnownFileType = wrapper.framework; name = CloudKit.framework; path = System/Library/Frameworks/CloudKit.framework; sourceTree = SDKROOT; };
		9E5155DF1D4BB814003006F0 /* cloudLocation.js */ = {isa = PBXFileReference; fileEncoding = 4; lastKnownFileType = sourcecode.javascript; path = cloudLocation.js; sourceTree = "<group>"; };
		9E5155E01D4BB814003006F0 /* Locatr.html */ = {isa = PBXFileReference; fileEncoding = 4; lastKnownFileType = text.html; path = Locatr.html; sourceTree = "<group>"; };
/* End PBXFileReference section */

/* Begin PBXFrameworksBuildPhase section */
		8660C5C01D4B83000079B6FD /* Frameworks */ = {
			isa = PBXFrameworksBuildPhase;
			buildActionMask = 2147483647;
			files = (
				8660C5DB1D4B90EC0079B6FD /* CloudKit.framework in Frameworks */,
			);
			runOnlyForDeploymentPostprocessing = 0;
		};
/* End PBXFrameworksBuildPhase section */

/* Begin PBXGroup section */
		8660C5BA1D4B83000079B6FD = {
			isa = PBXGroup;
			children = (
				8660C5C51D4B83000079B6FD /* Locatr */,
				8660C5C41D4B83000079B6FD /* Products */,
				8660C5D91D4B90EC0079B6FD /* Frameworks */,
			);
			sourceTree = "<group>";
		};
		8660C5C41D4B83000079B6FD /* Products */ = {
			isa = PBXGroup;
			children = (
				8660C5C31D4B83000079B6FD /* Locatr.app */,
			);
			name = Products;
			sourceTree = "<group>";
		};
		8660C5C51D4B83000079B6FD /* Locatr */ = {
			isa = PBXGroup;
			children = (
				9E5155DE1D4BB80B003006F0 /* WEBAPP */,
				8660C5D81D4B90E70079B6FD /* Locatr.entitlements */,
				8660C5C61D4B83000079B6FD /* AppDelegate.swift */,
				8660C5C81D4B83000079B6FD /* ViewController.swift */,
				8660C5CA1D4B83000079B6FD /* Main.storyboard */,
				8660C5CD1D4B83000079B6FD /* Assets.xcassets */,
				8660C5CF1D4B83000079B6FD /* LaunchScreen.storyboard */,
				8660C5D21D4B83000079B6FD /* Info.plist */,
			);
			path = Locatr;
			sourceTree = "<group>";
		};
		8660C5D91D4B90EC0079B6FD /* Frameworks */ = {
			isa = PBXGroup;
			children = (
				8660C5DA1D4B90EC0079B6FD /* CloudKit.framework */,
			);
			name = Frameworks;
			sourceTree = "<group>";
		};
		9E5155DE1D4BB80B003006F0 /* WEBAPP */ = {
			isa = PBXGroup;
			children = (
				9E5155DF1D4BB814003006F0 /* cloudLocation.js */,
				9E5155E01D4BB814003006F0 /* Locatr.html */,
			);
			name = WEBAPP;
			sourceTree = "<group>";
		};
/* End PBXGroup section */

/* Begin PBXNativeTarget section */
		8660C5C21D4B83000079B6FD /* Locatr */ = {
			isa = PBXNativeTarget;
			buildConfigurationList = 8660C5D51D4B83000079B6FD /* Build configuration list for PBXNativeTarget "Locatr" */;
			buildPhases = (
				8660C5BF1D4B83000079B6FD /* Sources */,
				8660C5C01D4B83000079B6FD /* Frameworks */,
				8660C5C11D4B83000079B6FD /* Resources */,
			);
			buildRules = (
			);
			dependencies = (
			);
			name = Locatr;
			productName = Locatr;
			productReference = 8660C5C31D4B83000079B6FD /* Locatr.app */;
			productType = "com.apple.product-type.application";
		};
/* End PBXNativeTarget section */

/* Begin PBXProject section */
		8660C5BB1D4B83000079B6FD /* Project object */ = {
			isa = PBXProject;
			attributes = {
				LastSwiftUpdateCheck = 0800;
				LastUpgradeCheck = 0800;
				ORGANIZATIONNAME = Training;
				TargetAttributes = {
					8660C5C21D4B83000079B6FD = {
						CreatedOnToolsVersion = 8.0;
						DevelopmentTeam = SBWZW765RG;
						DevelopmentTeamName = "Daniel Autenrieth";
						ProvisioningStyle = Automatic;
						SystemCapabilities = {
							com.apple.iCloud = {
								enabled = 1;
							};
						};
					};
				};
			};
			buildConfigurationList = 8660C5BE1D4B83000079B6FD /* Build configuration list for PBXProject "Locatr" */;
			compatibilityVersion = "Xcode 3.2";
			developmentRegion = English;
			hasScannedForEncodings = 0;
			knownRegions = (
				en,
				Base,
			);
			mainGroup = 8660C5BA1D4B83000079B6FD;
			productRefGroup = 8660C5C41D4B83000079B6FD /* Products */;
			projectDirPath = "";
			projectRoot = "";
			targets = (
				8660C5C21D4B83000079B6FD /* Locatr */,
			);
		};
/* End PBXProject section */

/* Begin PBXResourcesBuildPhase section */
		8660C5C11D4B83000079B6FD /* Resources */ = {
			isa = PBXResourcesBuildPhase;
			buildActionMask = 2147483647;
			files = (
				8660C5D11D4B83000079B6FD /* LaunchScreen.storyboard in Resources */,
				8660C5CE1D4B83000079B6FD /* Assets.xcassets in Resources */,
				9E5155E21D4BB814003006F0 /* Locatr.html in Resources */,
				8660C5CC1D4B83000079B6FD /* Main.storyboard in Resources */,
				9E5155E11D4BB814003006F0 /* cloudLocation.js in Resources */,
			);
			runOnlyForDeploymentPostprocessing = 0;
		};
/* End PBXResourcesBuildPhase section */

/* Begin PBXSourcesBuildPhase section */
		8660C5BF1D4B83000079B6FD /* Sources */ = {
			isa = PBXSourcesBuildPhase;
			buildActionMask = 2147483647;
			files = (
				8660C5C91D4B83000079B6FD /* ViewController.swift in Sources */,
				8660C5C71D4B83000079B6FD /* AppDelegate.swift in Sources */,
			);
			runOnlyForDeploymentPostprocessing = 0;
		};
/* End PBXSourcesBuildPhase section */

/* Begin PBXVariantGroup section */
		8660C5CA1D4B83000079B6FD /* Main.storyboard */ = {
			isa = PBXVariantGroup;
			children = (
				8660C5CB1D4B83000079B6FD /* Base */,
			);
			name = Main.storyboard;
			sourceTree = "<group>";
		};
		8660C5CF1D4B83000079B6FD /* LaunchScreen.storyboard */ = {
			isa = PBXVariantGroup;
			children = (
				8660C5D01D4B83000079B6FD /* Base */,
			);
			name = LaunchScreen.storyboard;
			sourceTree = "<group>";
		};
/* End PBXVariantGroup section */

/* Begin XCBuildConfiguration section */
		8660C5D31D4B83000079B6FD /* Debug */ = {
			isa = XCBuildConfiguration;
			buildSettings = {
				ALWAYS_SEARCH_USER_PATHS = NO;
				CLANG_ANALYZER_NONNULL = YES;
				CLANG_CXX_LANGUAGE_STANDARD = "gnu++0x";
				CLANG_CXX_LIBRARY = "libc++";
				CLANG_ENABLE_MODULES = YES;
				CLANG_ENABLE_OBJC_ARC = YES;
				CLANG_WARN_BOOL_CONVERSION = YES;
				CLANG_WARN_CONSTANT_CONVERSION = YES;
				CLANG_WARN_DIRECT_OBJC_ISA_USAGE = YES_ERROR;
				CLANG_WARN_DOCUMENTATION_COMMENTS = YES;
				CLANG_WARN_EMPTY_BODY = YES;
				CLANG_WARN_ENUM_CONVERSION = YES;
				CLANG_WARN_INT_CONVERSION = YES;
				CLANG_WARN_OBJC_ROOT_CLASS = YES_ERROR;
				CLANG_WARN_UNREACHABLE_CODE = YES;
				CLANG_WARN__DUPLICATE_METHOD_MATCH = YES;
				"CODE_SIGN_IDENTITY[sdk=iphoneos*]" = "iPhone Developer";
				COPY_PHASE_STRIP = NO;
				DEBUG_INFORMATION_FORMAT = dwarf;
				ENABLE_STRICT_OBJC_MSGSEND = YES;
				ENABLE_TESTABILITY = YES;
				GCC_C_LANGUAGE_STANDARD = gnu99;
				GCC_DYNAMIC_NO_PIC = NO;
				GCC_NO_COMMON_BLOCKS = YES;
				GCC_OPTIMIZATION_LEVEL = 0;
				GCC_PREPROCESSOR_DEFINITIONS = (
					"DEBUG=1",
					"$(inherited)",
				);
				GCC_WARN_64_TO_32_BIT_CONVERSION = YES;
				GCC_WARN_ABOUT_RETURN_TYPE = YES_ERROR;
				GCC_WARN_UNDECLARED_SELECTOR = YES;
				GCC_WARN_UNINITIALIZED_AUTOS = YES_AGGRESSIVE;
				GCC_WARN_UNUSED_FUNCTION = YES;
				GCC_WARN_UNUSED_VARIABLE = YES;
				IPHONEOS_DEPLOYMENT_TARGET = 10.0;
				MTL_ENABLE_DEBUG_INFO = YES;
				ONLY_ACTIVE_ARCH = YES;
				SDKROOT = iphoneos;
				SWIFT_ACTIVE_COMPILATION_CONDITIONS = DEBUG;
				SWIFT_OPTIMIZATION_LEVEL = "-Onone";
			};
			name = Debug;
		};
		8660C5D41D4B83000079B6FD /* Release */ = {
			isa = XCBuildConfiguration;
			buildSettings = {
				ALWAYS_SEARCH_USER_PATHS = NO;
				CLANG_ANALYZER_NONNULL = YES;
				CLANG_CXX_LANGUAGE_STANDARD = "gnu++0x";
				CLANG_CXX_LIBRARY = "libc++";
				CLANG_ENABLE_MODULES = YES;
				CLANG_ENABLE_OBJC_ARC = YES;
				CLANG_WARN_BOOL_CONVERSION = YES;
				CLANG_WARN_CONSTANT_CONVERSION = YES;
				CLANG_WARN_DIRECT_OBJC_ISA_USAGE = YES_ERROR;
				CLANG_WARN_DOCUMENTATION_COMMENTS = YES;
				CLANG_WARN_EMPTY_BODY = YES;
				CLANG_WARN_ENUM_CONVERSION = YES;
				CLANG_WARN_INT_CONVERSION = YES;
				CLANG_WARN_OBJC_ROOT_CLASS = YES_ERROR;
				CLANG_WARN_UNREACHABLE_CODE = YES;
				CLANG_WARN__DUPLICATE_METHOD_MATCH = YES;
				"CODE_SIGN_IDENTITY[sdk=iphoneos*]" = "iPhone Developer";
				COPY_PHASE_STRIP = NO;
				DEBUG_INFORMATION_FORMAT = "dwarf-with-dsym";
				ENABLE_NS_ASSERTIONS = NO;
				ENABLE_STRICT_OBJC_MSGSEND = YES;
				GCC_C_LANGUAGE_STANDARD = gnu99;
				GCC_NO_COMMON_BLOCKS = YES;
				GCC_WARN_64_TO_32_BIT_CONVERSION = YES;
				GCC_WARN_ABOUT_RETURN_TYPE = YES_ERROR;
				GCC_WARN_UNDECLARED_SELECTOR = YES;
				GCC_WARN_UNINITIALIZED_AUTOS = YES_AGGRESSIVE;
				GCC_WARN_UNUSED_FUNCTION = YES;
				GCC_WARN_UNUSED_VARIABLE = YES;
				IPHONEOS_DEPLOYMENT_TARGET = 10.0;
				MTL_ENABLE_DEBUG_INFO = NO;
				SDKROOT = iphoneos;
				SWIFT_OPTIMIZATION_LEVEL = "-Owholemodule";
				VALIDATE_PRODUCT = YES;
			};
			name = Release;
		};
		8660C5D61D4B83000079B6FD /* Debug */ = {
			isa = XCBuildConfiguration;
			buildSettings = {
				ASSETCATALOG_COMPILER_APPICON_NAME = AppIcon;
				CODE_SIGN_ENTITLEMENTS = Locatr/Locatr.entitlements;
				INFOPLIST_FILE = Locatr/Info.plist;
				LD_RUNPATH_SEARCH_PATHS = "$(inherited) @executable_path/Frameworks";
				PRODUCT_BUNDLE_IDENTIFIER = com.brianAdvent.Locatr;
				PRODUCT_NAME = "$(TARGET_NAME)";
				SWIFT_VERSION = 3.0;
			};
			name = Debug;
		};
		8660C5D71D4B83000079B6FD /* Release */ = {
			isa = XCBuildConfiguration;
			buildSettings = {
				ASSETCATALOG_COMPILER_APPICON_NAME = AppIcon;
				CODE_SIGN_ENTITLEMENTS = Locatr/Locatr.entitlements;
				INFOPLIST_FILE = Locatr/Info.plist;
				LD_RUNPATH_SEARCH_PATHS = "$(inherited) @executable_path/Frameworks";
				PRODUCT_BUNDLE_IDENTIFIER = com.brianAdvent.Locatr;
				PRODUCT_NAME = "$(TARGET_NAME)";
				SWIFT_VERSION = 3.0;
			};
			name = Release;
		};
/* End XCBuildConfiguration section */

/* Begin XCConfigurationList section */
		8660C5BE1D4B83000079B6FD /* Build configuration list for PBXProject "Locatr" */ = {
			isa = XCConfigurationList;
			buildConfigurations = (
				8660C5D31D4B83000079B6FD /* Debug */,
				8660C5D41D4B83000079B6FD /* Release */,
			);
			defaultConfigurationIsVisible = 0;
			defaultConfigurationName = Release;
		};
		8660C5D51D4B83000079B6FD /* Build configuration list for PBXNativeTarget "Locatr" */ = {
			isa = XCConfigurationList;
			buildConfigurations = (
				8660C5D61D4B83000079B6FD /* Debug */,
				8660C5D71D4B83000079B6FD /* Release */,
			);
			defaultConfigurationIsVisible = 0;
			defaultConfigurationName = Release;
		};
/* End XCConfigurationList section */
	};
	rootObject = 8660C5BB1D4B83000079B6FD /* Project object */;
}
